
Microsoft Visual Studio Solution File, Format Version 12.00
# Visual Studio Version 16
VisualStudioVersion = 16.0.30114.105
MinimumVisualStudioVersion = 10.0.40219.1
Project("{2150E333-8FDC-42A3-9474-1A3956D46DE8}") = "src", "src", "{0FB6A912-3FD8-4366-AA4A-0B44A383B472}"
EndProject
Project("{FAE04EC0-301F-11D3-BF4B-00C04F79EFBC}") = "WorkerManagement.Api", "src\WorkerManagement.Api\WorkerManagement.Api.csproj", "{49D891FB-E756-44A3-B796-9F6347C14034}"
EndProject
Project("{FAE04EC0-301F-11D3-BF4B-00C04F79EFBC}") = "WorkerManagement.Domain", "src\WorkerManagement.Domain\WorkerManagement.Domain.csproj", "{D8486A2A-ADEB-4749-AFB1-578C484A13E6}"
EndProject
Project("{2150E333-8FDC-42A3-9474-1A3956D46DE8}") = "tests", "tests", "{78E79C17-56D9-4929-AE84-1CE0EEB7A641}"
EndProject
Project("{FAE04EC0-301F-11D3-BF4B-00C04F79EFBC}") = "WorkerManagement.Tests.Unit", "tests\WorkerManagement.Tests.Unit\WorkerManagement.Tests.Unit.csproj", "{8E0D91F8-796E-45D6-9B39-6A695BE6575B}"
EndProject
Global
	GlobalSection(SolutionConfigurationPlatforms) = preSolution
		Debug|Any CPU = Debug|Any CPU
		Release|Any CPU = Release|Any CPU
	EndGlobalSection
	GlobalSection(SolutionProperties) = preSolution
		HideSolutionNode = FALSE
	EndGlobalSection
	GlobalSection(ProjectConfigurationPlatforms) = postSolution
		{49D891FB-E756-44A3-B796-9F6347C14034}.Debug|Any CPU.ActiveCfg = Debug|Any CPU
		{49D891FB-E756-44A3-B796-9F6347C14034}.Debug|Any CPU.Build.0 = Debug|Any CPU
		{49D891FB-E756-44A3-B796-9F6347C14034}.Release|Any CPU.ActiveCfg = Release|Any CPU
		{49D891FB-E756-44A3-B796-9F6347C14034}.Release|Any CPU.Build.0 = Release|Any CPU
		{D8486A2A-ADEB-4749-AFB1-578C484A13E6}.Debug|Any CPU.ActiveCfg = Debug|Any CPU
		{D8486A2A-ADEB-4749-AFB1-578C484A13E6}.Debug|Any CPU.Build.0 = Debug|Any CPU
		{D8486A2A-ADEB-4749-AFB1-578C484A13E6}.Release|Any CPU.ActiveCfg = Release|Any CPU
		{D8486A2A-ADEB-4749-AFB1-578C484A13E6}.Release|Any CPU.Build.0 = Release|Any CPU
		{8E0D91F8-796E-45D6-9B39-6A695BE6575B}.Debug|Any CPU.ActiveCfg = Debug|Any CPU
		{8E0D91F8-796E-45D6-9B39-6A695BE6575B}.Debug|Any CPU.Build.0 = Debug|Any CPU
		{8E0D91F8-796E-45D6-9B39-6A695BE6575B}.Release|Any CPU.ActiveCfg = Release|Any CPU
		{8E0D91F8-796E-45D6-9B39-6A695BE6575B}.Release|Any CPU.Build.0 = Release|Any CPU
	EndGlobalSection
	GlobalSection(NestedProjects) = preSolution
		{49D891FB-E756-44A3-B796-9F6347C14034} = {0FB6A912-3FD8-4366-AA4A-0B44A383B472}
		{D8486A2A-ADEB-4749-AFB1-578C484A13E6} = {0FB6A912-3FD8-4366-AA4A-0B44A383B472}
		{8E0D91F8-796E-45D6-9B39-6A695BE6575B} = {78E79C17-56D9-4929-AE84-1CE0EEB7A641}
	EndGlobalSection
EndGlobal
